
Microsoft Visual Studio Solution File, Format Version 12.00
# Visual Studio 15
VisualStudioVersion = 15.0.28307.572
MinimumVisualStudioVersion = 10.0.40219.1
Project("{FAE04EC0-301F-11D3-BF4B-00C04F79EFBC}") = "DiceRoller", "DiceRoller\DiceRoller.csproj", "{24F7C890-3895-4E9C-978B-72413FC497FC}"
EndProject
Global
	GlobalSection(SolutionConfigurationPlatforms) = preSolution
		Debug|Any CPU = Debug|Any CPU
		Release|Any CPU = Release|Any CPU
	EndGlobalSection
	GlobalSection(ProjectConfigurationPlatforms) = postSolution
		{24F7C890-3895-4E9C-978B-72413FC497FC}.Debug|Any CPU.ActiveCfg = Debug|Any CPU
		{24F7C890-3895-4E9C-978B-72413FC497FC}.Debug|Any CPU.Build.0 = Debug|Any CPU
		{24F7C890-3895-4E9C-978B-72413FC497FC}.Release|Any CPU.ActiveCfg = Release|Any CPU
		{24F7C890-3895-4E9C-978B-72413FC497FC}.Release|Any CPU.Build.0 = Release|Any CPU
	EndGlobalSection
	GlobalSection(SolutionProperties) = preSolution
		HideSolutionNode = FALSE
	EndGlobalSection
	GlobalSection(ExtensibilityGlobals) = postSolution
		SolutionGuid = {654818ED-33C2-4F2F-A03A-1F6223DDC0A9}
	EndGlobalSection
EndGlobal
